
Microsoft Visual Studio Solution File, Format Version 12.00
# Visual Studio Version 16
VisualStudioVersion = 16.0.30907.101
MinimumVisualStudioVersion = 10.0.40219.1
Project("{FAE04EC0-301F-11D3-BF4B-00C04F79EFBC}") = "Practical_TEST", "Practical_TEST\Practical_TEST.csproj", "{7BDBA679-ADFE-4AB1-9200-E21E55CEFACF}"
EndProject
Global
	GlobalSection(SolutionConfigurationPlatforms) = preSolution
		Debug|ARM = Debug|ARM
		Debug|ARM64 = Debug|ARM64
		Debug|x64 = Debug|x64
		Debug|x86 = Debug|x86
		Release|ARM = Release|ARM
		Release|ARM64 = Release|ARM64
		Release|x64 = Release|x64
		Release|x86 = Release|x86
	EndGlobalSection
	GlobalSection(ProjectConfigurationPlatforms) = postSolution
		{7BDBA679-ADFE-4AB1-9200-E21E55CEFACF}.Debug|ARM.ActiveCfg = Debug|ARM
		{7BDBA679-ADFE-4AB1-9200-E21E55CEFACF}.Debug|ARM.Build.0 = Debug|ARM
		{7BDBA679-ADFE-4AB1-9200-E21E55CEFACF}.Debug|ARM.Deploy.0 = Debug|ARM
		{7BDBA679-ADFE-4AB1-9200-E21E55CEFACF}.Debug|ARM64.ActiveCfg = Debug|ARM64
		{7BDBA679-ADFE-4AB1-9200-E21E55CEFACF}.Debug|ARM64.Build.0 = Debug|ARM64
		{7BDBA679-ADFE-4AB1-9200-E21E55CEFACF}.Debug|ARM64.Deploy.0 = Debug|ARM64
		{7BDBA679-ADFE-4AB1-9200-E21E55CEFACF}.Debug|x64.ActiveCfg = Debug|x64
		{7BDBA679-ADFE-4AB1-9200-E21E55CEFACF}.Debug|x64.Build.0 = Debug|x64
		{7BDBA679-ADFE-4AB1-9200-E21E55CEFACF}.Debug|x64.Deploy.0 = Debug|x64
		{7BDBA679-ADFE-4AB1-9200-E21E55CEFACF}.Debug|x86.ActiveCfg = Debug|x86
		{7BDBA679-ADFE-4AB1-9200-E21E55CEFACF}.Debug|x86.Build.0 = Debug|x86
		{7BDBA679-ADFE-4AB1-9200-E21E55CEFACF}.Debug|x86.Deploy.0 = Debug|x86
		{7BDBA679-ADFE-4AB1-9200-E21E55CEFACF}.Release|ARM.ActiveCfg = Release|ARM
		{7BDBA679-ADFE-4AB1-9200-E21E55CEFACF}.Release|ARM.Build.0 = Release|ARM
		{7BDBA679-ADFE-4AB1-9200-E21E55CEFACF}.Release|ARM.Deploy.0 = Release|ARM
		{7BDBA679-ADFE-4AB1-9200-E21E55CEFACF}.Release|ARM64.ActiveCfg = Release|ARM64
		{7BDBA679-ADFE-4AB1-9200-E21E55CEFACF}.Release|ARM64.Build.0 = Release|ARM64
		{7BDBA679-ADFE-4AB1-9200-E21E55CEFACF}.Release|ARM64.Deploy.0 = Release|ARM64
		{7BDBA679-ADFE-4AB1-9200-E21E55CEFACF}.Release|x64.ActiveCfg = Release|x64
		{7BDBA679-ADFE-4AB1-9200-E21E55CEFACF}.Release|x64.Build.0 = Release|x64
		{7BDBA679-ADFE-4AB1-9200-E21E55CEFACF}.Release|x64.Deploy.0 = Release|x64
		{7BDBA679-ADFE-4AB1-9200-E21E55CEFACF}.Release|x86.ActiveCfg = Release|x86
		{7BDBA679-ADFE-4AB1-9200-E21E55CEFACF}.Release|x86.Build.0 = Release|x86
		{7BDBA679-ADFE-4AB1-9200-E21E55CEFACF}.Release|x86.Deploy.0 = Release|x86
	EndGlobalSection
	GlobalSection(SolutionProperties) = preSolution
		HideSolutionNode = FALSE
	EndGlobalSection
	GlobalSection(ExtensibilityGlobals) = postSolution
		SolutionGuid = {CFEA9A5E-98B2-4286-90C7-51D1351831B5}
	EndGlobalSection
EndGlobal
